// !$*UTF8*$!
{
	archiveVersion = 1;
	classes = {
	};
	objectVersion = 50;
	objects = {

/* Begin PBXBuildFile section */
		7665D4E58714401610B0DE13 /* Pods_Tumblr_PostsUITests.framework in Frameworks */ = {isa = PBXBuildFile; fileRef = FC60ACA1FFB851A2221F8D88 /* Pods_Tumblr_PostsUITests.framework */; };
		A415BC0A2227637500A480A5 /* AppDelegate.swift in Sources */ = {isa = PBXBuildFile; fileRef = A415BC092227637500A480A5 /* AppDelegate.swift */; };
		A415BC0F2227637500A480A5 /* Main.storyboard in Resources */ = {isa = PBXBuildFile; fileRef = A415BC0D2227637500A480A5 /* Main.storyboard */; };
		A415BC112227637600A480A5 /* Assets.xcassets in Resources */ = {isa = PBXBuildFile; fileRef = A415BC102227637600A480A5 /* Assets.xcassets */; };
		A415BC142227637600A480A5 /* LaunchScreen.storyboard in Resources */ = {isa = PBXBuildFile; fileRef = A415BC122227637600A480A5 /* LaunchScreen.storyboard */; };
		A415BC1F2227637700A480A5 /* Tumblr_PostsTests.swift in Sources */ = {isa = PBXBuildFile; fileRef = A415BC1E2227637600A480A5 /* Tumblr_PostsTests.swift */; };
		A415BC2A2227637700A480A5 /* Tumblr_PostsUITests.swift in Sources */ = {isa = PBXBuildFile; fileRef = A415BC292227637700A480A5 /* Tumblr_PostsUITests.swift */; };
		A415BC38222763F000A480A5 /* PhotoViewController.swift in Sources */ = {isa = PBXBuildFile; fileRef = A415BC37222763F000A480A5 /* PhotoViewController.swift */; };
		A415BC3A2228E2B700A480A5 /* PhotoCellTableViewCell.swift in Sources */ = {isa = PBXBuildFile; fileRef = A415BC392228E2B700A480A5 /* PhotoCellTableViewCell.swift */; };
		B403A97D8A94BE55594BD990 /* Pods_Tumblr_PostsTests.framework in Frameworks */ = {isa = PBXBuildFile; fileRef = B2C1C48EAE5CD335B7371926 /* Pods_Tumblr_PostsTests.framework */; };
		D683EF129910D1BA26C72D2A /* Pods_Tumblr_Posts.framework in Frameworks */ = {isa = PBXBuildFile; fileRef = 5C1CA87A31CB155BC93C6AC2 /* Pods_Tumblr_Posts.framework */; };
/* End PBXBuildFile section */

/* Begin PBXContainerItemProxy section */
		A415BC1B2227637600A480A5 /* PBXContainerItemProxy */ = {
			isa = PBXContainerItemProxy;
			containerPortal = A415BBFE2227637500A480A5 /* Project object */;
			proxyType = 1;
			remoteGlobalIDString = A415BC052227637500A480A5;
			remoteInfo = "Tumblr Posts";
		};
		A415BC262227637700A480A5 /* PBXContainerItemProxy */ = {
			isa = PBXContainerItemProxy;
			containerPortal = A415BBFE2227637500A480A5 /* Project object */;
			proxyType = 1;
			remoteGlobalIDString = A415BC052227637500A480A5;
			remoteInfo = "Tumblr Posts";
		};
/* End PBXContainerItemProxy section */

/* Begin PBXFileReference section */
		0221FE37BD07496C803669B4 /* Pods-Tumblr Posts.debug.xcconfig */ = {isa = PBXFileReference; includeInIndex = 1; lastKnownFileType = text.xcconfig; name = "Pods-Tumblr Posts.debug.xcconfig"; path = "Pods/Target Support Files/Pods-Tumblr Posts/Pods-Tumblr Posts.debug.xcconfig"; sourceTree = "<group>"; };
		50225387DE20A132F511A209 /* Pods-Tumblr PostsUITests.debug.xcconfig */ = {isa = PBXFileReference; includeInIndex = 1; lastKnownFileType = text.xcconfig; name = "Pods-Tumblr PostsUITests.debug.xcconfig"; path = "Pods/Target Support Files/Pods-Tumblr PostsUITests/Pods-Tumblr PostsUITests.debug.xcconfig"; sourceTree = "<group>"; };
		5C1CA87A31CB155BC93C6AC2 /* Pods_Tumblr_Posts.framework */ = {isa = PBXFileReference; explicitFileType = wrapper.framework; includeInIndex = 0; path = Pods_Tumblr_Posts.framework; sourceTree = BUILT_PRODUCTS_DIR; };
		86AAAE62D418E95261881449 /* Pods-Tumblr PostsTests.debug.xcconfig */ = {isa = PBXFileReference; includeInIndex = 1; lastKnownFileType = text.xcconfig; name = "Pods-Tumblr PostsTests.debug.xcconfig"; path = "Pods/Target Support Files/Pods-Tumblr PostsTests/Pods-Tumblr PostsTests.debug.xcconfig"; sourceTree = "<group>"; };
		A415BC062227637500A480A5 /* Tumblr Posts.app */ = {isa = PBXFileReference; explicitFileType = wrapper.application; includeInIndex = 0; path = "Tumblr Posts.app"; sourceTree = BUILT_PRODUCTS_DIR; };
		A415BC092227637500A480A5 /* AppDelegate.swift */ = {isa = PBXFileReference; lastKnownFileType = sourcecode.swift; path = AppDelegate.swift; sourceTree = "<group>"; };
		A415BC0E2227637500A480A5 /* Base */ = {isa = PBXFileReference; lastKnownFileType = file.storyboard; name = Base; path = Base.lproj/Main.storyboard; sourceTree = "<group>"; };
		A415BC102227637600A480A5 /* Assets.xcassets */ = {isa = PBXFileReference; lastKnownFileType = folder.assetcatalog; path = Assets.xcassets; sourceTree = "<group>"; };
		A415BC132227637600A480A5 /* Base */ = {isa = PBXFileReference; lastKnownFileType = file.storyboard; name = Base; path = Base.lproj/LaunchScreen.storyboard; sourceTree = "<group>"; };
		A415BC152227637600A480A5 /* Info.plist */ = {isa = PBXFileReference; lastKnownFileType = text.plist.xml; path = Info.plist; sourceTree = "<group>"; };
		A415BC1A2227637600A480A5 /* Tumblr PostsTests.xctest */ = {isa = PBXFileReference; explicitFileType = wrapper.cfbundle; includeInIndex = 0; path = "Tumblr PostsTests.xctest"; sourceTree = BUILT_PRODUCTS_DIR; };
		A415BC1E2227637600A480A5 /* Tumblr_PostsTests.swift */ = {isa = PBXFileReference; lastKnownFileType = sourcecode.swift; path = Tumblr_PostsTests.swift; sourceTree = "<group>"; };
		A415BC202227637700A480A5 /* Info.plist */ = {isa = PBXFileReference; lastKnownFileType = text.plist.xml; path = Info.plist; sourceTree = "<group>"; };
		A415BC252227637700A480A5 /* Tumblr PostsUITests.xctest */ = {isa = PBXFileReference; explicitFileType = wrapper.cfbundle; includeInIndex = 0; path = "Tumblr PostsUITests.xctest"; sourceTree = BUILT_PRODUCTS_DIR; };
		A415BC292227637700A480A5 /* Tumblr_PostsUITests.swift */ = {isa = PBXFileReference; lastKnownFileType = sourcecode.swift; path = Tumblr_PostsUITests.swift; sourceTree = "<group>"; };
		A415BC2B2227637700A480A5 /* Info.plist */ = {isa = PBXFileReference; lastKnownFileType = text.plist.xml; path = Info.plist; sourceTree = "<group>"; };
		A415BC37222763F000A480A5 /* PhotoViewController.swift */ = {isa = PBXFileReference; lastKnownFileType = sourcecode.swift; path = PhotoViewController.swift; sourceTree = "<group>"; };
		A415BC392228E2B700A480A5 /* PhotoCellTableViewCell.swift */ = {isa = PBXFileReference; lastKnownFileType = sourcecode.swift; path = PhotoCellTableViewCell.swift; sourceTree = "<group>"; };
		A467AD5283D40A8792DA06D2 /* Pods-Tumblr Posts.release.xcconfig */ = {isa = PBXFileReference; includeInIndex = 1; lastKnownFileType = text.xcconfig; name = "Pods-Tumblr Posts.release.xcconfig"; path = "Pods/Target Support Files/Pods-Tumblr Posts/Pods-Tumblr Posts.release.xcconfig"; sourceTree = "<group>"; };
		A60BA0C2BD33A497FF2C7BE9 /* Pods-Tumblr PostsUITests.release.xcconfig */ = {isa = PBXFileReference; includeInIndex = 1; lastKnownFileType = text.xcconfig; name = "Pods-Tumblr PostsUITests.release.xcconfig"; path = "Pods/Target Support Files/Pods-Tumblr PostsUITests/Pods-Tumblr PostsUITests.release.xcconfig"; sourceTree = "<group>"; };
		A66D5D6E3A19B9E4129C6B08 /* Pods-Tumblr PostsTests.release.xcconfig */ = {isa = PBXFileReference; includeInIndex = 1; lastKnownFileType = text.xcconfig; name = "Pods-Tumblr PostsTests.release.xcconfig"; path = "Pods/Target Support Files/Pods-Tumblr PostsTests/Pods-Tumblr PostsTests.release.xcconfig"; sourceTree = "<group>"; };
		B2C1C48EAE5CD335B7371926 /* Pods_Tumblr_PostsTests.framework */ = {isa = PBXFileReference; explicitFileType = wrapper.framework; includeInIndex = 0; path = Pods_Tumblr_PostsTests.framework; sourceTree = BUILT_PRODUCTS_DIR; };
		FC60ACA1FFB851A2221F8D88 /* Pods_Tumblr_PostsUITests.framework */ = {isa = PBXFileReference; explicitFileType = wrapper.framework; includeInIndex = 0; path = Pods_Tumblr_PostsUITests.framework; sourceTree = BUILT_PRODUCTS_DIR; };
/* End PBXFileReference section */

/* Begin PBXFrameworksBuildPhase section */
		A415BC032227637500A480A5 /* Frameworks */ = {
			isa = PBXFrameworksBuildPhase;
			buildActionMask = 2147483647;
			files = (
				D683EF129910D1BA26C72D2A /* Pods_Tumblr_Posts.framework in Frameworks */,
			);
			runOnlyForDeploymentPostprocessing = 0;
		};
		A415BC172227637600A480A5 /* Frameworks */ = {
			isa = PBXFrameworksBuildPhase;
			buildActionMask = 2147483647;
			files = (
				B403A97D8A94BE55594BD990 /* Pods_Tumblr_PostsTests.framework in Frameworks */,
			);
			runOnlyForDeploymentPostprocessing = 0;
		};
		A415BC222227637700A480A5 /* Frameworks */ = {
			isa = PBXFrameworksBuildPhase;
			buildActionMask = 2147483647;
			files = (
				7665D4E58714401610B0DE13 /* Pods_Tumblr_PostsUITests.framework in Frameworks */,
			);
			runOnlyForDeploymentPostprocessing = 0;
		};
/* End PBXFrameworksBuildPhase section */

/* Begin PBXGroup section */
		057AB7B37E9D48FE23759E40 /* Frameworks */ = {
			isa = PBXGroup;
			children = (
				5C1CA87A31CB155BC93C6AC2 /* Pods_Tumblr_Posts.framework */,
				B2C1C48EAE5CD335B7371926 /* Pods_Tumblr_PostsTests.framework */,
				FC60ACA1FFB851A2221F8D88 /* Pods_Tumblr_PostsUITests.framework */,
			);
			name = Frameworks;
			sourceTree = "<group>";
		};
		7D12035E90CF41473C158B56 /* Pods */ = {
			isa = PBXGroup;
			children = (
				0221FE37BD07496C803669B4 /* Pods-Tumblr Posts.debug.xcconfig */,
				A467AD5283D40A8792DA06D2 /* Pods-Tumblr Posts.release.xcconfig */,
				86AAAE62D418E95261881449 /* Pods-Tumblr PostsTests.debug.xcconfig */,
				A66D5D6E3A19B9E4129C6B08 /* Pods-Tumblr PostsTests.release.xcconfig */,
				50225387DE20A132F511A209 /* Pods-Tumblr PostsUITests.debug.xcconfig */,
				A60BA0C2BD33A497FF2C7BE9 /* Pods-Tumblr PostsUITests.release.xcconfig */,
			);
			name = Pods;
			sourceTree = "<group>";
		};
		A415BBFD2227637500A480A5 = {
			isa = PBXGroup;
			children = (
				A415BC082227637500A480A5 /* Tumblr Posts */,
				A415BC1D2227637600A480A5 /* Tumblr PostsTests */,
				A415BC282227637700A480A5 /* Tumblr PostsUITests */,
				A415BC072227637500A480A5 /* Products */,
				7D12035E90CF41473C158B56 /* Pods */,
				057AB7B37E9D48FE23759E40 /* Frameworks */,
			);
			sourceTree = "<group>";
		};
		A415BC072227637500A480A5 /* Products */ = {
			isa = PBXGroup;
			children = (
				A415BC062227637500A480A5 /* Tumblr Posts.app */,
				A415BC1A2227637600A480A5 /* Tumblr PostsTests.xctest */,
				A415BC252227637700A480A5 /* Tumblr PostsUITests.xctest */,
			);
			name = Products;
			sourceTree = "<group>";
		};
		A415BC082227637500A480A5 /* Tumblr Posts */ = {
			isa = PBXGroup;
			children = (
				A415BC092227637500A480A5 /* AppDelegate.swift */,
				A415BC37222763F000A480A5 /* PhotoViewController.swift */,
				A415BC392228E2B700A480A5 /* PhotoCellTableViewCell.swift */,
				A415BC0D2227637500A480A5 /* Main.storyboard */,
				A415BC102227637600A480A5 /* Assets.xcassets */,
				A415BC122227637600A480A5 /* LaunchScreen.storyboard */,
				A415BC152227637600A480A5 /* Info.plist */,
			);
			path = "Tumblr Posts";
			sourceTree = "<group>";
		};
		A415BC1D2227637600A480A5 /* Tumblr PostsTests */ = {
			isa = PBXGroup;
			children = (
				A415BC1E2227637600A480A5 /* Tumblr_PostsTests.swift */,
				A415BC202227637700A480A5 /* Info.plist */,
			);
			path = "Tumblr PostsTests";
			sourceTree = "<group>";
		};
		A415BC282227637700A480A5 /* Tumblr PostsUITests */ = {
			isa = PBXGroup;
			children = (
				A415BC292227637700A480A5 /* Tumblr_PostsUITests.swift */,
				A415BC2B2227637700A480A5 /* Info.plist */,
			);
			path = "Tumblr PostsUITests";
			sourceTree = "<group>";
		};
/* End PBXGroup section */

/* Begin PBXNativeTarget section */
		A415BC052227637500A480A5 /* Tumblr Posts */ = {
			isa = PBXNativeTarget;
			buildConfigurationList = A415BC2E2227637700A480A5 /* Build configuration list for PBXNativeTarget "Tumblr Posts" */;
			buildPhases = (
				B1D94E5840D79B66AF3C3EF1 /* [CP] Check Pods Manifest.lock */,
				A415BC022227637500A480A5 /* Sources */,
				A415BC032227637500A480A5 /* Frameworks */,
				A415BC042227637500A480A5 /* Resources */,
				ACE1BC230B36DA97D5C168C0 /* [CP] Embed Pods Frameworks */,
			);
			buildRules = (
			);
			dependencies = (
			);
			name = "Tumblr Posts";
			productName = "Tumblr Posts";
			productReference = A415BC062227637500A480A5 /* Tumblr Posts.app */;
			productType = "com.apple.product-type.application";
		};
		A415BC192227637600A480A5 /* Tumblr PostsTests */ = {
			isa = PBXNativeTarget;
			buildConfigurationList = A415BC312227637700A480A5 /* Build configuration list for PBXNativeTarget "Tumblr PostsTests" */;
			buildPhases = (
				BB8A0B274DF3839878CD2EA0 /* [CP] Check Pods Manifest.lock */,
				A415BC162227637600A480A5 /* Sources */,
				A415BC172227637600A480A5 /* Frameworks */,
				A415BC182227637600A480A5 /* Resources */,
			);
			buildRules = (
			);
			dependencies = (
				A415BC1C2227637600A480A5 /* PBXTargetDependency */,
			);
			name = "Tumblr PostsTests";
			productName = "Tumblr PostsTests";
			productReference = A415BC1A2227637600A480A5 /* Tumblr PostsTests.xctest */;
			productType = "com.apple.product-type.bundle.unit-test";
		};
		A415BC242227637700A480A5 /* Tumblr PostsUITests */ = {
			isa = PBXNativeTarget;
			buildConfigurationList = A415BC342227637700A480A5 /* Build configuration list for PBXNativeTarget "Tumblr PostsUITests" */;
			buildPhases = (
				33C3FCD7D1BB99E71235A42B /* [CP] Check Pods Manifest.lock */,
				A415BC212227637700A480A5 /* Sources */,
				A415BC222227637700A480A5 /* Frameworks */,
				A415BC232227637700A480A5 /* Resources */,
			);
			buildRules = (
			);
			dependencies = (
				A415BC272227637700A480A5 /* PBXTargetDependency */,
			);
			name = "Tumblr PostsUITests";
			productName = "Tumblr PostsUITests";
			productReference = A415BC252227637700A480A5 /* Tumblr PostsUITests.xctest */;
			productType = "com.apple.product-type.bundle.ui-testing";
		};
/* End PBXNativeTarget section */

/* Begin PBXProject section */
		A415BBFE2227637500A480A5 /* Project object */ = {
			isa = PBXProject;
			attributes = {
				LastSwiftUpdateCheck = 1010;
				LastUpgradeCheck = 1010;
				ORGANIZATIONNAME = mohanadhmd;
				TargetAttributes = {
					A415BC052227637500A480A5 = {
						CreatedOnToolsVersion = 10.1;
					};
					A415BC192227637600A480A5 = {
						CreatedOnToolsVersion = 10.1;
						TestTargetID = A415BC052227637500A480A5;
					};
					A415BC242227637700A480A5 = {
						CreatedOnToolsVersion = 10.1;
						TestTargetID = A415BC052227637500A480A5;
					};
				};
			};
			buildConfigurationList = A415BC012227637500A480A5 /* Build configuration list for PBXProject "Tumblr Posts" */;
			compatibilityVersion = "Xcode 9.3";
			developmentRegion = en;
			hasScannedForEncodings = 0;
			knownRegions = (
				en,
				Base,
			);
			mainGroup = A415BBFD2227637500A480A5;
			productRefGroup = A415BC072227637500A480A5 /* Products */;
			projectDirPath = "";
			projectRoot = "";
			targets = (
				A415BC052227637500A480A5 /* Tumblr Posts */,
				A415BC192227637600A480A5 /* Tumblr PostsTests */,
				A415BC242227637700A480A5 /* Tumblr PostsUITests */,
			);
		};
/* End PBXProject section */

/* Begin PBXResourcesBuildPhase section */
		A415BC042227637500A480A5 /* Resources */ = {
			isa = PBXResourcesBuildPhase;
			buildActionMask = 2147483647;
			files = (
				A415BC142227637600A480A5 /* LaunchScreen.storyboard in Resources */,
				A415BC112227637600A480A5 /* Assets.xcassets in Resources */,
				A415BC0F2227637500A480A5 /* Main.storyboard in Resources */,
			);
			runOnlyForDeploymentPostprocessing = 0;
		};
		A415BC182227637600A480A5 /* Resources */ = {
			isa = PBXResourcesBuildPhase;
			buildActionMask = 2147483647;
			files = (
			);
			runOnlyForDeploymentPostprocessing = 0;
		};
		A415BC232227637700A480A5 /* Resources */ = {
			isa = PBXResourcesBuildPhase;
			buildActionMask = 2147483647;
			files = (
			);
			runOnlyForDeploymentPostprocessing = 0;
		};
/* End PBXResourcesBuildPhase section */

/* Begin PBXShellScriptBuildPhase section */
		33C3FCD7D1BB99E71235A42B /* [CP] Check Pods Manifest.lock */ = {
			isa = PBXShellScriptBuildPhase;
			buildActionMask = 2147483647;
			files = (
			);
			inputPaths = (
				"${PODS_PODFILE_DIR_PATH}/Podfile.lock",
				"${PODS_ROOT}/Manifest.lock",
			);
			name = "[CP] Check Pods Manifest.lock";
			outputPaths = (
				"$(DERIVED_FILE_DIR)/Pods-Tumblr PostsUITests-checkManifestLockResult.txt",
			);
			runOnlyForDeploymentPostprocessing = 0;
			shellPath = /bin/sh;
			shellScript = "diff \"${PODS_PODFILE_DIR_PATH}/Podfile.lock\" \"${PODS_ROOT}/Manifest.lock\" > /dev/null\nif [ $? != 0 ] ; then\n    # print error to STDERR\n    echo \"error: The sandbox is not in sync with the Podfile.lock. Run 'pod install' or update your CocoaPods installation.\" >&2\n    exit 1\nfi\n# This output is used by Xcode 'outputs' to avoid re-running this script phase.\necho \"SUCCESS\" > \"${SCRIPT_OUTPUT_FILE_0}\"\n";
			showEnvVarsInLog = 0;
		};
		ACE1BC230B36DA97D5C168C0 /* [CP] Embed Pods Frameworks */ = {
			isa = PBXShellScriptBuildPhase;
			buildActionMask = 2147483647;
			files = (
			);
			inputPaths = (
				"${SRCROOT}/Pods/Target Support Files/Pods-Tumblr Posts/Pods-Tumblr Posts-frameworks.sh",
				"${BUILT_PRODUCTS_DIR}/Alamofire/Alamofire.framework",
				"${BUILT_PRODUCTS_DIR}/AlamofireImage/AlamofireImage.framework",
			);
			name = "[CP] Embed Pods Frameworks";
			outputPaths = (
				"${TARGET_BUILD_DIR}/${FRAMEWORKS_FOLDER_PATH}/Alamofire.framework",
				"${TARGET_BUILD_DIR}/${FRAMEWORKS_FOLDER_PATH}/AlamofireImage.framework",
			);
			runOnlyForDeploymentPostprocessing = 0;
			shellPath = /bin/sh;
			shellScript = "\"${SRCROOT}/Pods/Target Support Files/Pods-Tumblr Posts/Pods-Tumblr Posts-frameworks.sh\"\n";
			showEnvVarsInLog = 0;
		};
		B1D94E5840D79B66AF3C3EF1 /* [CP] Check Pods Manifest.lock */ = {
			isa = PBXShellScriptBuildPhase;
			buildActionMask = 2147483647;
			files = (
			);
			inputPaths = (
				"${PODS_PODFILE_DIR_PATH}/Podfile.lock",
				"${PODS_ROOT}/Manifest.lock",
			);
			name = "[CP] Check Pods Manifest.lock";
			outputPaths = (
				"$(DERIVED_FILE_DIR)/Pods-Tumblr Posts-checkManifestLockResult.txt",
			);
			runOnlyForDeploymentPostprocessing = 0;
			shellPath = /bin/sh;
			shellScript = "diff \"${PODS_PODFILE_DIR_PATH}/Podfile.lock\" \"${PODS_ROOT}/Manifest.lock\" > /dev/null\nif [ $? != 0 ] ; then\n    # print error to STDERR\n    echo \"error: The sandbox is not in sync with the Podfile.lock. Run 'pod install' or update your CocoaPods installation.\" >&2\n    exit 1\nfi\n# This output is used by Xcode 'outputs' to avoid re-running this script phase.\necho \"SUCCESS\" > \"${SCRIPT_OUTPUT_FILE_0}\"\n";
			showEnvVarsInLog = 0;
		};
		BB8A0B274DF3839878CD2EA0 /* [CP] Check Pods Manifest.lock */ = {
			isa = PBXShellScriptBuildPhase;
			buildActionMask = 2147483647;
			files = (
			);
			inputPaths = (
				"${PODS_PODFILE_DIR_PATH}/Podfile.lock",
				"${PODS_ROOT}/Manifest.lock",
			);
			name = "[CP] Check Pods Manifest.lock";
			outputPaths = (
				"$(DERIVED_FILE_DIR)/Pods-Tumblr PostsTests-checkManifestLockResult.txt",
			);
			runOnlyForDeploymentPostprocessing = 0;
			shellPath = /bin/sh;
			shellScript = "diff \"${PODS_PODFILE_DIR_PATH}/Podfile.lock\" \"${PODS_ROOT}/Manifest.lock\" > /dev/null\nif [ $? != 0 ] ; then\n    # print error to STDERR\n    echo \"error: The sandbox is not in sync with the Podfile.lock. Run 'pod install' or update your CocoaPods installation.\" >&2\n    exit 1\nfi\n# This output is used by Xcode 'outputs' to avoid re-running this script phase.\necho \"SUCCESS\" > \"${SCRIPT_OUTPUT_FILE_0}\"\n";
			showEnvVarsInLog = 0;
		};
/* End PBXShellScriptBuildPhase section */

/* Begin PBXSourcesBuildPhase section */
		A415BC022227637500A480A5 /* Sources */ = {
			isa = PBXSourcesBuildPhase;
			buildActionMask = 2147483647;
			files = (
				A415BC0A2227637500A480A5 /* AppDelegate.swift in Sources */,
				A415BC3A2228E2B700A480A5 /* PhotoCellTableViewCell.swift in Sources */,
				A415BC38222763F000A480A5 /* PhotoViewController.swift in Sources */,
			);
			runOnlyForDeploymentPostprocessing = 0;
		};
		A415BC162227637600A480A5 /* Sources */ = {
			isa = PBXSourcesBuildPhase;
			buildActionMask = 2147483647;
			files = (
				A415BC1F2227637700A480A5 /* Tumblr_PostsTests.swift in Sources */,
			);
			runOnlyForDeploymentPostprocessing = 0;
		};
		A415BC212227637700A480A5 /* Sources */ = {
			isa = PBXSourcesBuildPhase;
			buildActionMask = 2147483647;
			files = (
				A415BC2A2227637700A480A5 /* Tumblr_PostsUITests.swift in Sources */,
			);
			runOnlyForDeploymentPostprocessing = 0;
		};
/* End PBXSourcesBuildPhase section */

/* Begin PBXTargetDependency section */
		A415BC1C2227637600A480A5 /* PBXTargetDependency */ = {
			isa = PBXTargetDependency;
			target = A415BC052227637500A480A5 /* Tumblr Posts */;
			targetProxy = A415BC1B2227637600A480A5 /* PBXContainerItemProxy */;
		};
		A415BC272227637700A480A5 /* PBXTargetDependency */ = {
			isa = PBXTargetDependency;
			target = A415BC052227637500A480A5 /* Tumblr Posts */;
			targetProxy = A415BC262227637700A480A5 /* PBXContainerItemProxy */;
		};
/* End PBXTargetDependency section */

/* Begin PBXVariantGroup section */
		A415BC0D2227637500A480A5 /* Main.storyboard */ = {
			isa = PBXVariantGroup;
			children = (
				A415BC0E2227637500A480A5 /* Base */,
			);
			name = Main.storyboard;
			sourceTree = "<group>";
		};
		A415BC122227637600A480A5 /* LaunchScreen.storyboard */ = {
			isa = PBXVariantGroup;
			children = (
				A415BC132227637600A480A5 /* Base */,
			);
			name = LaunchScreen.storyboard;
			sourceTree = "<group>";
		};
/* End PBXVariantGroup section */

/* Begin XCBuildConfiguration section */
		A415BC2C2227637700A480A5 /* Debug */ = {
			isa = XCBuildConfiguration;
			buildSettings = {
				ALWAYS_SEARCH_USER_PATHS = NO;
				CLANG_ANALYZER_NONNULL = YES;
				CLANG_ANALYZER_NUMBER_OBJECT_CONVERSION = YES_AGGRESSIVE;
				CLANG_CXX_LANGUAGE_STANDARD = "gnu++14";
				CLANG_CXX_LIBRARY = "libc++";
				CLANG_ENABLE_MODULES = YES;
				CLANG_ENABLE_OBJC_ARC = YES;
				CLANG_ENABLE_OBJC_WEAK = YES;
				CLANG_WARN_BLOCK_CAPTURE_AUTORELEASING = YES;
				CLANG_WARN_BOOL_CONVERSION = YES;
				CLANG_WARN_COMMA = YES;
				CLANG_WARN_CONSTANT_CONVERSION = YES;
				CLANG_WARN_DEPRECATED_OBJC_IMPLEMENTATIONS = YES;
				CLANG_WARN_DIRECT_OBJC_ISA_USAGE = YES_ERROR;
				CLANG_WARN_DOCUMENTATION_COMMENTS = YES;
				CLANG_WARN_EMPTY_BODY = YES;
				CLANG_WARN_ENUM_CONVERSION = YES;
				CLANG_WARN_INFINITE_RECURSION = YES;
				CLANG_WARN_INT_CONVERSION = YES;
				CLANG_WARN_NON_LITERAL_NULL_CONVERSION = YES;
				CLANG_WARN_OBJC_IMPLICIT_RETAIN_SELF = YES;
				CLANG_WARN_OBJC_LITERAL_CONVERSION = YES;
				CLANG_WARN_OBJC_ROOT_CLASS = YES_ERROR;
				CLANG_WARN_RANGE_LOOP_ANALYSIS = YES;
				CLANG_WARN_STRICT_PROTOTYPES = YES;
				CLANG_WARN_SUSPICIOUS_MOVE = YES;
				CLANG_WARN_UNGUARDED_AVAILABILITY = YES_AGGRESSIVE;
				CLANG_WARN_UNREACHABLE_CODE = YES;
				CLANG_WARN__DUPLICATE_METHOD_MATCH = YES;
				CODE_SIGN_IDENTITY = "iPhone Developer";
				COPY_PHASE_STRIP = NO;
				DEBUG_INFORMATION_FORMAT = dwarf;
				ENABLE_STRICT_OBJC_MSGSEND = YES;
				ENABLE_TESTABILITY = YES;
				GCC_C_LANGUAGE_STANDARD = gnu11;
				GCC_DYNAMIC_NO_PIC = NO;
				GCC_NO_COMMON_BLOCKS = YES;
				GCC_OPTIMIZATION_LEVEL = 0;
				GCC_PREPROCESSOR_DEFINITIONS = (
					"DEBUG=1",
					"$(inherited)",
				);
				GCC_WARN_64_TO_32_BIT_CONVERSION = YES;
				GCC_WARN_ABOUT_RETURN_TYPE = YES_ERROR;
				GCC_WARN_UNDECLARED_SELECTOR = YES;
				GCC_WARN_UNINITIALIZED_AUTOS = YES_AGGRESSIVE;
				GCC_WARN_UNUSED_FUNCTION = YES;
				GCC_WARN_UNUSED_VARIABLE = YES;
				IPHONEOS_DEPLOYMENT_TARGET = 12.1;
				MTL_ENABLE_DEBUG_INFO = INCLUDE_SOURCE;
				MTL_FAST_MATH = YES;
				ONLY_ACTIVE_ARCH = YES;
				SDKROOT = iphoneos;
				SWIFT_ACTIVE_COMPILATION_CONDITIONS = DEBUG;
				SWIFT_OPTIMIZATION_LEVEL = "-Onone";
			};
			name = Debug;
		};
		A415BC2D2227637700A480A5 /* Release */ = {
			isa = XCBuildConfiguration;
			buildSettings = {
				ALWAYS_SEARCH_USER_PATHS = NO;
				CLANG_ANALYZER_NONNULL = YES;
				CLANG_ANALYZER_NUMBER_OBJECT_CONVERSION = YES_AGGRESSIVE;
				CLANG_CXX_LANGUAGE_STANDARD = "gnu++14";
				CLANG_CXX_LIBRARY = "libc++";
				CLANG_ENABLE_MODULES = YES;
				CLANG_ENABLE_OBJC_ARC = YES;
				CLANG_ENABLE_OBJC_WEAK = YES;
				CLANG_WARN_BLOCK_CAPTURE_AUTORELEASING = YES;
				CLANG_WARN_BOOL_CONVERSION = YES;
				CLANG_WARN_COMMA = YES;
				CLANG_WARN_CONSTANT_CONVERSION = YES;
				CLANG_WARN_DEPRECATED_OBJC_IMPLEMENTATIONS = YES;
				CLANG_WARN_DIRECT_OBJC_ISA_USAGE = YES_ERROR;
				CLANG_WARN_DOCUMENTATION_COMMENTS = YES;
				CLANG_WARN_EMPTY_BODY = YES;
				CLANG_WARN_ENUM_CONVERSION = YES;
				CLANG_WARN_INFINITE_RECURSION = YES;
				CLANG_WARN_INT_CONVERSION = YES;
				CLANG_WARN_NON_LITERAL_NULL_CONVERSION = YES;
				CLANG_WARN_OBJC_IMPLICIT_RETAIN_SELF = YES;
				CLANG_WARN_OBJC_LITERAL_CONVERSION = YES;
				CLANG_WARN_OBJC_ROOT_CLASS = YES_ERROR;
				CLANG_WARN_RANGE_LOOP_ANALYSIS = YES;
				CLANG_WARN_STRICT_PROTOTYPES = YES;
				CLANG_WARN_SUSPICIOUS_MOVE = YES;
				CLANG_WARN_UNGUARDED_AVAILABILITY = YES_AGGRESSIVE;
				CLANG_WARN_UNREACHABLE_CODE = YES;
				CLANG_WARN__DUPLICATE_METHOD_MATCH = YES;
				CODE_SIGN_IDENTITY = "iPhone Developer";
				COPY_PHASE_STRIP = NO;
				DEBUG_INFORMATION_FORMAT = "dwarf-with-dsym";
				ENABLE_NS_ASSERTIONS = NO;
				ENABLE_STRICT_OBJC_MSGSEND = YES;
				GCC_C_LANGUAGE_STANDARD = gnu11;
				GCC_NO_COMMON_BLOCKS = YES;
				GCC_WARN_64_TO_32_BIT_CONVERSION = YES;
				GCC_WARN_ABOUT_RETURN_TYPE = YES_ERROR;
				GCC_WARN_UNDECLARED_SELECTOR = YES;
				GCC_WARN_UNINITIALIZED_AUTOS = YES_AGGRESSIVE;
				GCC_WARN_UNUSED_FUNCTION = YES;
				GCC_WARN_UNUSED_VARIABLE = YES;
				IPHONEOS_DEPLOYMENT_TARGET = 12.1;
				MTL_ENABLE_DEBUG_INFO = NO;
				MTL_FAST_MATH = YES;
				SDKROOT = iphoneos;
				SWIFT_COMPILATION_MODE = wholemodule;
				SWIFT_OPTIMIZATION_LEVEL = "-O";
				VALIDATE_PRODUCT = YES;
			};
			name = Release;
		};
		A415BC2F2227637700A480A5 /* Debug */ = {
			isa = XCBuildConfiguration;
			baseConfigurationReference = 0221FE37BD07496C803669B4 /* Pods-Tumblr Posts.debug.xcconfig */;
			buildSettings = {
				ASSETCATALOG_COMPILER_APPICON_NAME = AppIcon;
				CODE_SIGN_STYLE = Automatic;
				DEVELOPMENT_TEAM = AHU34X7YA7;
				INFOPLIST_FILE = "Tumblr Posts/Info.plist";
				LD_RUNPATH_SEARCH_PATHS = (
					"$(inherited)",
					"@executable_path/Frameworks",
				);
				PRODUCT_BUNDLE_IDENTIFIER = "codepath.Tumblr-Posts";
				PRODUCT_NAME = "$(TARGET_NAME)";
				SWIFT_VERSION = 4.2;
				TARGETED_DEVICE_FAMILY = "1,2";
			};
			name = Debug;
		};
		A415BC302227637700A480A5 /* Release */ = {
			isa = XCBuildConfiguration;
			baseConfigurationReference = A467AD5283D40A8792DA06D2 /* Pods-Tumblr Posts.release.xcconfig */;
			buildSettings = {
				ASSETCATALOG_COMPILER_APPICON_NAME = AppIcon;
				CODE_SIGN_STYLE = Automatic;
				DEVELOPMENT_TEAM = AHU34X7YA7;
				INFOPLIST_FILE = "Tumblr Posts/Info.plist";
				LD_RUNPATH_SEARCH_PATHS = (
					"$(inherited)",
					"@executable_path/Frameworks",
				);
				PRODUCT_BUNDLE_IDENTIFIER = "codepath.Tumblr-Posts";
				PRODUCT_NAME = "$(TARGET_NAME)";
				SWIFT_VERSION = 4.2;
				TARGETED_DEVICE_FAMILY = "1,2";
			};
			name = Release;
		};
		A415BC322227637700A480A5 /* Debug */ = {
			isa = XCBuildConfiguration;
			baseConfigurationReference = 86AAAE62D418E95261881449 /* Pods-Tumblr PostsTests.debug.xcconfig */;
			buildSettings = {
				ALWAYS_EMBED_SWIFT_STANDARD_LIBRARIES = YES;
				BUNDLE_LOADER = "$(TEST_HOST)";
				CODE_SIGN_STYLE = Automatic;
				DEVELOPMENT_TEAM = AHU34X7YA7;
				INFOPLIST_FILE = "Tumblr PostsTests/Info.plist";
				LD_RUNPATH_SEARCH_PATHS = (
					"$(inherited)",
					"@executable_path/Frameworks",
					"@loader_path/Frameworks",
				);
				PRODUCT_BUNDLE_IDENTIFIER = "codepath.Tumblr-PostsTests";
				PRODUCT_NAME = "$(TARGET_NAME)";
				SWIFT_VERSION = 4.2;
				TARGETED_DEVICE_FAMILY = "1,2";
				TEST_HOST = "$(BUILT_PRODUCTS_DIR)/Tumblr Posts.app/Tumblr Posts";
			};
			name = Debug;
		};
		A415BC332227637700A480A5 /* Release */ = {
			isa = XCBuildConfiguration;
			baseConfigurationReference = A66D5D6E3A19B9E4129C6B08 /* Pods-Tumblr PostsTests.release.xcconfig */;
			buildSettings = {
				ALWAYS_EMBED_SWIFT_STANDARD_LIBRARIES = YES;
				BUNDLE_LOADER = "$(TEST_HOST)";
				CODE_SIGN_STYLE = Automatic;
				DEVELOPMENT_TEAM = AHU34X7YA7;
				INFOPLIST_FILE = "Tumblr PostsTests/Info.plist";
				LD_RUNPATH_SEARCH_PATHS = (
					"$(inherited)",
					"@executable_path/Frameworks",
					"@loader_path/Frameworks",
				);
				PRODUCT_BUNDLE_IDENTIFIER = "codepath.Tumblr-PostsTests";
				PRODUCT_NAME = "$(TARGET_NAME)";
				SWIFT_VERSION = 4.2;
				TARGETED_DEVICE_FAMILY = "1,2";
				TEST_HOST = "$(BUILT_PRODUCTS_DIR)/Tumblr Posts.app/Tumblr Posts";
			};
			name = Release;
		};
		A415BC352227637700A480A5 /* Debug */ = {
			isa = XCBuildConfiguration;
			baseConfigurationReference = 50225387DE20A132F511A209 /* Pods-Tumblr PostsUITests.debug.xcconfig */;
			buildSettings = {
				ALWAYS_EMBED_SWIFT_STANDARD_LIBRARIES = YES;
				CODE_SIGN_STYLE = Automatic;
				DEVELOPMENT_TEAM = AHU34X7YA7;
				INFOPLIST_FILE = "Tumblr PostsUITests/Info.plist";
				LD_RUNPATH_SEARCH_PATHS = (
					"$(inherited)",
					"@executable_path/Frameworks",
					"@loader_path/Frameworks",
				);
				PRODUCT_BUNDLE_IDENTIFIER = "codepath.Tumblr-PostsUITests";
				PRODUCT_NAME = "$(TARGET_NAME)";
				SWIFT_VERSION = 4.2;
				TARGETED_DEVICE_FAMILY = "1,2";
				TEST_TARGET_NAME = "Tumblr Posts";
			};
			name = Debug;
		};
		A415BC362227637700A480A5 /* Release */ = {
			isa = XCBuildConfiguration;
			baseConfigurationReference = A60BA0C2BD33A497FF2C7BE9 /* Pods-Tumblr PostsUITests.release.xcconfig */;
			buildSettings = {
				ALWAYS_EMBED_SWIFT_STANDARD_LIBRARIES = YES;
				CODE_SIGN_STYLE = Automatic;
				DEVELOPMENT_TEAM = AHU34X7YA7;
				INFOPLIST_FILE = "Tumblr PostsUITests/Info.plist";
				LD_RUNPATH_SEARCH_PATHS = (
					"$(inherited)",
					"@executable_path/Frameworks",
					"@loader_path/Frameworks",
				);
				PRODUCT_BUNDLE_IDENTIFIER = "codepath.Tumblr-PostsUITests";
				PRODUCT_NAME = "$(TARGET_NAME)";
				SWIFT_VERSION = 4.2;
				TARGETED_DEVICE_FAMILY = "1,2";
				TEST_TARGET_NAME = "Tumblr Posts";
			};
			name = Release;
		};
/* End XCBuildConfiguration section */

/* Begin XCConfigurationList section */
		A415BC012227637500A480A5 /* Build configuration list for PBXProject "Tumblr Posts" */ = {
			isa = XCConfigurationList;
			buildConfigurations = (
				A415BC2C2227637700A480A5 /* Debug */,
				A415BC2D2227637700A480A5 /* Release */,
			);
			defaultConfigurationIsVisible = 0;
			defaultConfigurationName = Release;
		};
		A415BC2E2227637700A480A5 /* Build configuration list for PBXNativeTarget "Tumblr Posts" */ = {
			isa = XCConfigurationList;
			buildConfigurations = (
				A415BC2F2227637700A480A5 /* Debug */,
				A415BC302227637700A480A5 /* Release */,
			);
			defaultConfigurationIsVisible = 0;
			defaultConfigurationName = Release;
		};
		A415BC312227637700A480A5 /* Build configuration list for PBXNativeTarget "Tumblr PostsTests" */ = {
			isa = XCConfigurationList;
			buildConfigurations = (
				A415BC322227637700A480A5 /* Debug */,
				A415BC332227637700A480A5 /* Release */,
			);
			defaultConfigurationIsVisible = 0;
			defaultConfigurationName = Release;
		};
		A415BC342227637700A480A5 /* Build configuration list for PBXNativeTarget "Tumblr PostsUITests" */ = {
			isa = XCConfigurationList;
			buildConfigurations = (
				A415BC352227637700A480A5 /* Debug */,
				A415BC362227637700A480A5 /* Release */,
			);
			defaultConfigurationIsVisible = 0;
			defaultConfigurationName = Release;
		};
/* End XCConfigurationList section */
	};
	rootObject = A415BBFE2227637500A480A5 /* Project object */;
}
